
Microsoft Visual Studio Solution File, Format Version 12.00
# Visual Studio Version 17
VisualStudioVersion = 17.13.36105.23 d17.13
MinimumVisualStudioVersion = 10.0.40219.1
Project("{FAE04EC0-301F-11D3-BF4B-00C04F79EFBC}") = "Limites", "Limites.csproj", "{87D4DAB7-C820-409D-B52B-CF9F03AFD87D}"
EndProject
Global
	GlobalSection(SolutionConfigurationPlatforms) = preSolution
		Debug|Any CPU = Debug|Any CPU
		Release|Any CPU = Release|Any CPU
	EndGlobalSection
	GlobalSection(ProjectConfigurationPlatforms) = postSolution
		{87D4DAB7-C820-409D-B52B-CF9F03AFD87D}.Debug|Any CPU.ActiveCfg = Debug|Any CPU
		{87D4DAB7-C820-409D-B52B-CF9F03AFD87D}.Debug|Any CPU.Build.0 = Debug|Any CPU
		{87D4DAB7-C820-409D-B52B-CF9F03AFD87D}.Release|Any CPU.ActiveCfg = Release|Any CPU
		{87D4DAB7-C820-409D-B52B-CF9F03AFD87D}.Release|Any CPU.Build.0 = Release|Any CPU
	EndGlobalSection
	GlobalSection(SolutionProperties) = preSolution
		HideSolutionNode = FALSE
	EndGlobalSection
	GlobalSection(ExtensibilityGlobals) = postSolution
		SolutionGuid = {3B448D38-A97B-4CA6-BCCE-ADE526C0CD81}
	EndGlobalSection
EndGlobal
